
Microsoft Visual Studio Solution File, Format Version 12.00
# Visual Studio Version 17
VisualStudioVersion = 17.7.34221.43
MinimumVisualStudioVersion = 10.0.40219.1
Project("{8BC9CEB8-8B4A-11D0-8D11-00A0C91BC942}") = "Day02", "Day02\Day02.vcxproj", "{D1F5C890-E606-401C-8BE7-D5834606B20F}"
EndProject
Project("{8BC9CEB8-8B4A-11D0-8D11-00A0C91BC942}") = "Day01", "Day01\Day01.vcxproj", "{5EA60274-6683-4A3C-9EF5-103D87CA1BB7}"
EndProject
Project("{8BC9CEB8-8B4A-11D0-8D11-00A0C91BC942}") = "Day03", "Day03\Day03.vcxproj", "{FA39A17A-8310-42BE-9B92-89168282D45E}"
EndProject
Project("{8BC9CEB8-8B4A-11D0-8D11-00A0C91BC942}") = "Day04", "Day04\Day04.vcxproj", "{C5A5F6F2-2A84-4F1C-B46A-8A7E87E43797}"
EndProject
Project("{8BC9CEB8-8B4A-11D0-8D11-00A0C91BC942}") = "Day05", "Day05\Day05.vcxproj", "{5527C014-B667-4E06-92BB-94D02BE6C129}"
EndProject
Project("{8BC9CEB8-8B4A-11D0-8D11-00A0C91BC942}") = "Day06", "Day06\Day06.vcxproj", "{9BFBC4CE-7A39-453A-B7F9-8DAEFED4347B}"
EndProject
Project("{8BC9CEB8-8B4A-11D0-8D11-00A0C91BC942}") = "Day07", "Day07\Day07.vcxproj", "{0BAD4586-4E77-4AB1-80A9-6DF498ABF094}"
EndProject
Project("{8BC9CEB8-8B4A-11D0-8D11-00A0C91BC942}") = "Day08", "Day08\Day08.vcxproj", "{A88CCE01-E857-4195-A822-985B1583675D}"
EndProject
Project("{8BC9CEB8-8B4A-11D0-8D11-00A0C91BC942}") = "Day09", "Day09\Day09.vcxproj", "{47A4C977-B687-44C1-996A-484BBBA1888E}"
EndProject
Project("{8BC9CEB8-8B4A-11D0-8D11-00A0C91BC942}") = "Day10", "Day10\Day10.vcxproj", "{475686F7-AFBE-4163-967F-EA19759634A3}"
EndProject
Project("{8BC9CEB8-8B4A-11D0-8D11-00A0C91BC942}") = "Day11", "Day11\Day11.vcxproj", "{CDA83388-DC2F-44F4-9E8C-3C6BEBFA15C1}"
EndProject
Project("{8BC9CEB8-8B4A-11D0-8D11-00A0C91BC942}") = "Day12", "Day12\Day12.vcxproj", "{929B73A0-F1FC-4340-AE64-F05B3578B62A}"
EndProject
Project("{8BC9CEB8-8B4A-11D0-8D11-00A0C91BC942}") = "Day13", "Day13\Day13.vcxproj", "{5679BF61-BD77-4252-AA1B-3875BFA647D9}"
EndProject
Project("{8BC9CEB8-8B4A-11D0-8D11-00A0C91BC942}") = "Day14", "Day14\Day14.vcxproj", "{A143C1EC-1341-4655-811F-ECAD2695011C}"
EndProject
Project("{8BC9CEB8-8B4A-11D0-8D11-00A0C91BC942}") = "Day15", "Day15\Day15.vcxproj", "{39617CCE-9BD0-42AE-9598-0BF2E60BD72A}"
EndProject
Project("{8BC9CEB8-8B4A-11D0-8D11-00A0C91BC942}") = "Day16", "Day16\Day16.vcxproj", "{47F2DD1C-A712-401E-84F7-80F049BC7FD9}"
EndProject
Project("{8BC9CEB8-8B4A-11D0-8D11-00A0C91BC942}") = "Day17", "Day17\Day17.vcxproj", "{1653533B-A9C4-45CD-BA33-E671F99D8E29}"
EndProject
Project("{8BC9CEB8-8B4A-11D0-8D11-00A0C91BC942}") = "Day18", "Day18\Day18.vcxproj", "{A1A67A2A-DE56-4F52-9B2F-89BBB9105790}"
EndProject
Project("{8BC9CEB8-8B4A-11D0-8D11-00A0C91BC942}") = "Day19", "Day19\Day19.vcxproj", "{3E7F6F53-0799-4EFE-9887-566BA30DF2EF}"
EndProject
Project("{8BC9CEB8-8B4A-11D0-8D11-00A0C91BC942}") = "Day20", "Day20\Day20.vcxproj", "{43986E5E-F5B5-4A16-AC7B-D614814F730E}"
EndProject
Project("{8BC9CEB8-8B4A-11D0-8D11-00A0C91BC942}") = "Day21", "Day21\Day21.vcxproj", "{E22B1068-6766-45F1-95B4-E70B34EDB977}"
EndProject
Project("{8BC9CEB8-8B4A-11D0-8D11-00A0C91BC942}") = "Day22", "Day22\Day22.vcxproj", "{1028DC41-C861-4B02-B1D0-D1074EA64253}"
EndProject
Project("{8BC9CEB8-8B4A-11D0-8D11-00A0C91BC942}") = "Day23", "Day23\Day23.vcxproj", "{12416E89-0257-4E3F-993B-C0BB89AA55B1}"
EndProject
Project("{8BC9CEB8-8B4A-11D0-8D11-00A0C91BC942}") = "Day24", "Day24\Day24.vcxproj", "{7856A654-C9CF-48CD-AC59-BB4EB5F6BFED}"
EndProject
Project("{8BC9CEB8-8B4A-11D0-8D11-00A0C91BC942}") = "Day25", "Day25\Day25.vcxproj", "{7E56282E-3E71-4993-9AE5-E80D5EC9E28B}"
EndProject
Global
	GlobalSection(SolutionConfigurationPlatforms) = preSolution
		Debug|x64 = Debug|x64
		Debug|x86 = Debug|x86
		Release|x64 = Release|x64
		Release|x86 = Release|x86
	EndGlobalSection
	GlobalSection(ProjectConfigurationPlatforms) = postSolution
		{D1F5C890-E606-401C-8BE7-D5834606B20F}.Debug|x64.ActiveCfg = Debug|x64
		{D1F5C890-E606-401C-8BE7-D5834606B20F}.Debug|x64.Build.0 = Debug|x64
		{D1F5C890-E606-401C-8BE7-D5834606B20F}.Debug|x86.ActiveCfg = Debug|Win32
		{D1F5C890-E606-401C-8BE7-D5834606B20F}.Debug|x86.Build.0 = Debug|Win32
		{D1F5C890-E606-401C-8BE7-D5834606B20F}.Release|x64.ActiveCfg = Release|x64
		{D1F5C890-E606-401C-8BE7-D5834606B20F}.Release|x64.Build.0 = Release|x64
		{D1F5C890-E606-401C-8BE7-D5834606B20F}.Release|x86.ActiveCfg = Release|Win32
		{D1F5C890-E606-401C-8BE7-D5834606B20F}.Release|x86.Build.0 = Release|Win32
		{5EA60274-6683-4A3C-9EF5-103D87CA1BB7}.Debug|x64.ActiveCfg = Debug|x64
		{5EA60274-6683-4A3C-9EF5-103D87CA1BB7}.Debug|x64.Build.0 = Debug|x64
		{5EA60274-6683-4A3C-9EF5-103D87CA1BB7}.Debug|x86.ActiveCfg = Debug|Win32
		{5EA60274-6683-4A3C-9EF5-103D87CA1BB7}.Debug|x86.Build.0 = Debug|Win32
		{5EA60274-6683-4A3C-9EF5-103D87CA1BB7}.Release|x64.ActiveCfg = Release|x64
		{5EA60274-6683-4A3C-9EF5-103D87CA1BB7}.Release|x64.Build.0 = Release|x64
		{5EA60274-6683-4A3C-9EF5-103D87CA1BB7}.Release|x86.ActiveCfg = Release|Win32
		{5EA60274-6683-4A3C-9EF5-103D87CA1BB7}.Release|x86.Build.0 = Release|Win32
		{FA39A17A-8310-42BE-9B92-89168282D45E}.Debug|x64.ActiveCfg = Debug|x64
		{FA39A17A-8310-42BE-9B92-89168282D45E}.Debug|x64.Build.0 = Debug|x64
		{FA39A17A-8310-42BE-9B92-89168282D45E}.Debug|x86.ActiveCfg = Debug|Win32
		{FA39A17A-8310-42BE-9B92-89168282D45E}.Debug|x86.Build.0 = Debug|Win32
		{FA39A17A-8310-42BE-9B92-89168282D45E}.Release|x64.ActiveCfg = Release|x64
		{FA39A17A-8310-42BE-9B92-89168282D45E}.Release|x64.Build.0 = Release|x64
		{FA39A17A-8310-42BE-9B92-89168282D45E}.Release|x86.ActiveCfg = Release|Win32
		{FA39A17A-8310-42BE-9B92-89168282D45E}.Release|x86.Build.0 = Release|Win32
		{C5A5F6F2-2A84-4F1C-B46A-8A7E87E43797}.Debug|x64.ActiveCfg = Debug|x64
		{C5A5F6F2-2A84-4F1C-B46A-8A7E87E43797}.Debug|x64.Build.0 = Debug|x64
		{C5A5F6F2-2A84-4F1C-B46A-8A7E87E43797}.Debug|x86.ActiveCfg = Debug|Win32
		{C5A5F6F2-2A84-4F1C-B46A-8A7E87E43797}.Debug|x86.Build.0 = Debug|Win32
		{C5A5F6F2-2A84-4F1C-B46A-8A7E87E43797}.Release|x64.ActiveCfg = Release|x64
		{C5A5F6F2-2A84-4F1C-B46A-8A7E87E43797}.Release|x64.Build.0 = Release|x64
		{C5A5F6F2-2A84-4F1C-B46A-8A7E87E43797}.Release|x86.ActiveCfg = Release|Win32
		{C5A5F6F2-2A84-4F1C-B46A-8A7E87E43797}.Release|x86.Build.0 = Release|Win32
		{5527C014-B667-4E06-92BB-94D02BE6C129}.Debug|x64.ActiveCfg = Debug|x64
		{5527C014-B667-4E06-92BB-94D02BE6C129}.Debug|x64.Build.0 = Debug|x64
		{5527C014-B667-4E06-92BB-94D02BE6C129}.Debug|x86.ActiveCfg = Debug|Win32
		{5527C014-B667-4E06-92BB-94D02BE6C129}.Debug|x86.Build.0 = Debug|Win32
		{5527C014-B667-4E06-92BB-94D02BE6C129}.Release|x64.ActiveCfg = Release|x64
		{5527C014-B667-4E06-92BB-94D02BE6C129}.Release|x64.Build.0 = Release|x64
		{5527C014-B667-4E06-92BB-94D02BE6C129}.Release|x86.ActiveCfg = Release|Win32
		{5527C014-B667-4E06-92BB-94D02BE6C129}.Release|x86.Build.0 = Release|Win32
		{9BFBC4CE-7A39-453A-B7F9-8DAEFED4347B}.Debug|x64.ActiveCfg = Debug|x64
		{9BFBC4CE-7A39-453A-B7F9-8DAEFED4347B}.Debug|x64.Build.0 = Debug|x64
		{9BFBC4CE-7A39-453A-B7F9-8DAEFED4347B}.Debug|x86.ActiveCfg = Debug|Win32
		{9BFBC4CE-7A39-453A-B7F9-8DAEFED4347B}.Debug|x86.Build.0 = Debug|Win32
		{9BFBC4CE-7A39-453A-B7F9-8DAEFED4347B}.Release|x64.ActiveCfg = Release|x64
		{9BFBC4CE-7A39-453A-B7F9-8DAEFED4347B}.Release|x64.Build.0 = Release|x64
		{9BFBC4CE-7A39-453A-B7F9-8DAEFED4347B}.Release|x86.ActiveCfg = Release|Win32
		{9BFBC4CE-7A39-453A-B7F9-8DAEFED4347B}.Release|x86.Build.0 = Release|Win32
		{0BAD4586-4E77-4AB1-80A9-6DF498ABF094}.Debug|x64.ActiveCfg = Debug|x64
		{0BAD4586-4E77-4AB1-80A9-6DF498ABF094}.Debug|x64.Build.0 = Debug|x64
		{0BAD4586-4E77-4AB1-80A9-6DF498ABF094}.Debug|x86.ActiveCfg = Debug|Win32
		{0BAD4586-4E77-4AB1-80A9-6DF498ABF094}.Debug|x86.Build.0 = Debug|Win32
		{0BAD4586-4E77-4AB1-80A9-6DF498ABF094}.Release|x64.ActiveCfg = Release|x64
		{0BAD4586-4E77-4AB1-80A9-6DF498ABF094}.Release|x64.Build.0 = Release|x64
		{0BAD4586-4E77-4AB1-80A9-6DF498ABF094}.Release|x86.ActiveCfg = Release|Win32
		{0BAD4586-4E77-4AB1-80A9-6DF498ABF094}.Release|x86.Build.0 = Release|Win32
		{A88CCE01-E857-4195-A822-985B1583675D}.Debug|x64.ActiveCfg = Debug|x64
		{A88CCE01-E857-4195-A822-985B1583675D}.Debug|x64.Build.0 = Debug|x64
		{A88CCE01-E857-4195-A822-985B1583675D}.Debug|x86.ActiveCfg = Debug|Win32
		{A88CCE01-E857-4195-A822-985B1583675D}.Debug|x86.Build.0 = Debug|Win32
		{A88CCE01-E857-4195-A822-985B1583675D}.Release|x64.ActiveCfg = Release|x64
		{A88CCE01-E857-4195-A822-985B1583675D}.Release|x64.Build.0 = Release|x64
		{A88CCE01-E857-4195-A822-985B1583675D}.Release|x86.ActiveCfg = Release|Win32
		{A88CCE01-E857-4195-A822-985B1583675D}.Release|x86.Build.0 = Release|Win32
		{47A4C977-B687-44C1-996A-484BBBA1888E}.Debug|x64.ActiveCfg = Debug|x64
		{47A4C977-B687-44C1-996A-484BBBA1888E}.Debug|x64.Build.0 = Debug|x64
		{47A4C977-B687-44C1-996A-484BBBA1888E}.Debug|x86.ActiveCfg = Debug|Win32
		{47A4C977-B687-44C1-996A-484BBBA1888E}.Debug|x86.Build.0 = Debug|Win32
		{47A4C977-B687-44C1-996A-484BBBA1888E}.Release|x64.ActiveCfg = Release|x64
		{47A4C977-B687-44C1-996A-484BBBA1888E}.Release|x64.Build.0 = Release|x64
		{47A4C977-B687-44C1-996A-484BBBA1888E}.Release|x86.ActiveCfg = Release|Win32
		{47A4C977-B687-44C1-996A-484BBBA1888E}.Release|x86.Build.0 = Release|Win32
		{475686F7-AFBE-4163-967F-EA19759634A3}.Debug|x64.ActiveCfg = Debug|x64
		{475686F7-AFBE-4163-967F-EA19759634A3}.Debug|x64.Build.0 = Debug|x64
		{475686F7-AFBE-4163-967F-EA19759634A3}.Debug|x86.ActiveCfg = Debug|Win32
		{475686F7-AFBE-4163-967F-EA19759634A3}.Debug|x86.Build.0 = Debug|Win32
		{475686F7-AFBE-4163-967F-EA19759634A3}.Release|x64.ActiveCfg = Release|x64
		{475686F7-AFBE-4163-967F-EA19759634A3}.Release|x64.Build.0 = Release|x64
		{475686F7-AFBE-4163-967F-EA19759634A3}.Release|x86.ActiveCfg = Release|Win32
		{475686F7-AFBE-4163-967F-EA19759634A3}.Release|x86.Build.0 = Release|Win32
		{CDA83388-DC2F-44F4-9E8C-3C6BEBFA15C1}.Debug|x64.ActiveCfg = Debug|x64
		{CDA83388-DC2F-44F4-9E8C-3C6BEBFA15C1}.Debug|x64.Build.0 = Debug|x64
		{CDA83388-DC2F-44F4-9E8C-3C6BEBFA15C1}.Debug|x86.ActiveCfg = Debug|Win32
		{CDA83388-DC2F-44F4-9E8C-3C6BEBFA15C1}.Debug|x86.Build.0 = Debug|Win32
		{CDA83388-DC2F-44F4-9E8C-3C6BEBFA15C1}.Release|x64.ActiveCfg = Release|x64
		{CDA83388-DC2F-44F4-9E8C-3C6BEBFA15C1}.Release|x64.Build.0 = Release|x64
		{CDA83388-DC2F-44F4-9E8C-3C6BEBFA15C1}.Release|x86.ActiveCfg = Release|Win32
		{CDA83388-DC2F-44F4-9E8C-3C6BEBFA15C1}.Release|x86.Build.0 = Release|Win32
		{929B73A0-F1FC-4340-AE64-F05B3578B62A}.Debug|x64.ActiveCfg = Debug|x64
		{929B73A0-F1FC-4340-AE64-F05B3578B62A}.Debug|x64.Build.0 = Debug|x64
		{929B73A0-F1FC-4340-AE64-F05B3578B62A}.Debug|x86.ActiveCfg = Debug|Win32
		{929B73A0-F1FC-4340-AE64-F05B3578B62A}.Debug|x86.Build.0 = Debug|Win32
		{929B73A0-F1FC-4340-AE64-F05B3578B62A}.Release|x64.ActiveCfg = Release|x64
		{929B73A0-F1FC-4340-AE64-F05B3578B62A}.Release|x64.Build.0 = Release|x64
		{929B73A0-F1FC-4340-AE64-F05B3578B62A}.Release|x86.ActiveCfg = Release|Win32
		{929B73A0-F1FC-4340-AE64-F05B3578B62A}.Release|x86.Build.0 = Release|Win32
		{5679BF61-BD77-4252-AA1B-3875BFA647D9}.Debug|x64.ActiveCfg = Debug|x64
		{5679BF61-BD77-4252-AA1B-3875BFA647D9}.Debug|x64.Build.0 = Debug|x64
		{5679BF61-BD77-4252-AA1B-3875BFA647D9}.Debug|x86.ActiveCfg = Debug|Win32
		{5679BF61-BD77-4252-AA1B-3875BFA647D9}.Debug|x86.Build.0 = Debug|Win32
		{5679BF61-BD77-4252-AA1B-3875BFA647D9}.Release|x64.ActiveCfg = Release|x64
		{5679BF61-BD77-4252-AA1B-3875BFA647D9}.Release|x64.Build.0 = Release|x64
		{5679BF61-BD77-4252-AA1B-3875BFA647D9}.Release|x86.ActiveCfg = Release|Win32
		{5679BF61-BD77-4252-AA1B-3875BFA647D9}.Release|x86.Build.0 = Release|Win32
		{A143C1EC-1341-4655-811F-ECAD2695011C}.Debug|x64.ActiveCfg = Debug|x64
		{A143C1EC-1341-4655-811F-ECAD2695011C}.Debug|x64.Build.0 = Debug|x64
		{A143C1EC-1341-4655-811F-ECAD2695011C}.Debug|x86.ActiveCfg = Debug|Win32
		{A143C1EC-1341-4655-811F-ECAD2695011C}.Debug|x86.Build.0 = Debug|Win32
		{A143C1EC-1341-4655-811F-ECAD2695011C}.Release|x64.ActiveCfg = Release|x64
		{A143C1EC-1341-4655-811F-ECAD2695011C}.Release|x64.Build.0 = Release|x64
		{A143C1EC-1341-4655-811F-ECAD2695011C}.Release|x86.ActiveCfg = Release|Win32
		{A143C1EC-1341-4655-811F-ECAD2695011C}.Release|x86.Build.0 = Release|Win32
		{39617CCE-9BD0-42AE-9598-0BF2E60BD72A}.Debug|x64.ActiveCfg = Debug|x64
		{39617CCE-9BD0-42AE-9598-0BF2E60BD72A}.Debug|x64.Build.0 = Debug|x64
		{39617CCE-9BD0-42AE-9598-0BF2E60BD72A}.Debug|x86.ActiveCfg = Debug|Win32
		{39617CCE-9BD0-42AE-9598-0BF2E60BD72A}.Debug|x86.Build.0 = Debug|Win32
		{39617CCE-9BD0-42AE-9598-0BF2E60BD72A}.Release|x64.ActiveCfg = Release|x64
		{39617CCE-9BD0-42AE-9598-0BF2E60BD72A}.Release|x64.Build.0 = Release|x64
		{39617CCE-9BD0-42AE-9598-0BF2E60BD72A}.Release|x86.ActiveCfg = Release|Win32
		{39617CCE-9BD0-42AE-9598-0BF2E60BD72A}.Release|x86.Build.0 = Release|Win32
		{47F2DD1C-A712-401E-84F7-80F049BC7FD9}.Debug|x64.ActiveCfg = Debug|x64
		{47F2DD1C-A712-401E-84F7-80F049BC7FD9}.Debug|x64.Build.0 = Debug|x64
		{47F2DD1C-A712-401E-84F7-80F049BC7FD9}.Debug|x86.ActiveCfg = Debug|Win32
		{47F2DD1C-A712-401E-84F7-80F049BC7FD9}.Debug|x86.Build.0 = Debug|Win32
		{47F2DD1C-A712-401E-84F7-80F049BC7FD9}.Release|x64.ActiveCfg = Release|x64
		{47F2DD1C-A712-401E-84F7-80F049BC7FD9}.Release|x64.Build.0 = Release|x64
		{47F2DD1C-A712-401E-84F7-80F049BC7FD9}.Release|x86.ActiveCfg = Release|Win32
		{47F2DD1C-A712-401E-84F7-80F049BC7FD9}.Release|x86.Build.0 = Release|Win32
		{1653533B-A9C4-45CD-BA33-E671F99D8E29}.Debug|x64.ActiveCfg = Debug|x64
		{1653533B-A9C4-45CD-BA33-E671F99D8E29}.Debug|x64.Build.0 = Debug|x64
		{1653533B-A9C4-45CD-BA33-E671F99D8E29}.Debug|x86.ActiveCfg = Debug|Win32
		{1653533B-A9C4-45CD-BA33-E671F99D8E29}.Debug|x86.Build.0 = Debug|Win32
		{1653533B-A9C4-45CD-BA33-E671F99D8E29}.Release|x64.ActiveCfg = Release|x64
		{1653533B-A9C4-45CD-BA33-E671F99D8E29}.Release|x64.Build.0 = Release|x64
		{1653533B-A9C4-45CD-BA33-E671F99D8E29}.Release|x86.ActiveCfg = Release|Win32
		{1653533B-A9C4-45CD-BA33-E671F99D8E29}.Release|x86.Build.0 = Release|Win32
		{A1A67A2A-DE56-4F52-9B2F-89BBB9105790}.Debug|x64.ActiveCfg = Debug|x64
		{A1A67A2A-DE56-4F52-9B2F-89BBB9105790}.Debug|x64.Build.0 = Debug|x64
		{A1A67A2A-DE56-4F52-9B2F-89BBB9105790}.Debug|x86.ActiveCfg = Debug|Win32
		{A1A67A2A-DE56-4F52-9B2F-89BBB9105790}.Debug|x86.Build.0 = Debug|Win32
		{A1A67A2A-DE56-4F52-9B2F-89BBB9105790}.Release|x64.ActiveCfg = Release|x64
		{A1A67A2A-DE56-4F52-9B2F-89BBB9105790}.Release|x64.Build.0 = Release|x64
		{A1A67A2A-DE56-4F52-9B2F-89BBB9105790}.Release|x86.ActiveCfg = Release|Win32
		{A1A67A2A-DE56-4F52-9B2F-89BBB9105790}.Release|x86.Build.0 = Release|Win32
		{3E7F6F53-0799-4EFE-9887-566BA30DF2EF}.Debug|x64.ActiveCfg = Debug|x64
		{3E7F6F53-0799-4EFE-9887-566BA30DF2EF}.Debug|x64.Build.0 = Debug|x64
		{3E7F6F53-0799-4EFE-9887-566BA30DF2EF}.Debug|x86.ActiveCfg = Debug|Win32
		{3E7F6F53-0799-4EFE-9887-566BA30DF2EF}.Debug|x86.Build.0 = Debug|Win32
		{3E7F6F53-0799-4EFE-9887-566BA30DF2EF}.Release|x64.ActiveCfg = Release|x64
		{3E7F6F53-0799-4EFE-9887-566BA30DF2EF}.Release|x64.Build.0 = Release|x64
		{3E7F6F53-0799-4EFE-9887-566BA30DF2EF}.Release|x86.ActiveCfg = Release|Win32
		{3E7F6F53-0799-4EFE-9887-566BA30DF2EF}.Release|x86.Build.0 = Release|Win32
		{43986E5E-F5B5-4A16-AC7B-D614814F730E}.Debug|x64.ActiveCfg = Debug|x64
		{43986E5E-F5B5-4A16-AC7B-D614814F730E}.Debug|x64.Build.0 = Debug|x64
		{43986E5E-F5B5-4A16-AC7B-D614814F730E}.Debug|x86.ActiveCfg = Debug|Win32
		{43986E5E-F5B5-4A16-AC7B-D614814F730E}.Debug|x86.Build.0 = Debug|Win32
		{43986E5E-F5B5-4A16-AC7B-D614814F730E}.Release|x64.ActiveCfg = Release|x64
		{43986E5E-F5B5-4A16-AC7B-D614814F730E}.Release|x64.Build.0 = Release|x64
		{43986E5E-F5B5-4A16-AC7B-D614814F730E}.Release|x86.ActiveCfg = Release|Win32
		{43986E5E-F5B5-4A16-AC7B-D614814F730E}.Release|x86.Build.0 = Release|Win32
		{E22B1068-6766-45F1-95B4-E70B34EDB977}.Debug|x64.ActiveCfg = Debug|x64
		{E22B1068-6766-45F1-95B4-E70B34EDB977}.Debug|x64.Build.0 = Debug|x64
		{E22B1068-6766-45F1-95B4-E70B34EDB977}.Debug|x86.ActiveCfg = Debug|Win32
		{E22B1068-6766-45F1-95B4-E70B34EDB977}.Debug|x86.Build.0 = Debug|Win32
		{E22B1068-6766-45F1-95B4-E70B34EDB977}.Release|x64.ActiveCfg = Release|x64
		{E22B1068-6766-45F1-95B4-E70B34EDB977}.Release|x64.Build.0 = Release|x64
		{E22B1068-6766-45F1-95B4-E70B34EDB977}.Release|x86.ActiveCfg = Release|Win32
		{E22B1068-6766-45F1-95B4-E70B34EDB977}.Release|x86.Build.0 = Release|Win32
		{1028DC41-C861-4B02-B1D0-D1074EA64253}.Debug|x64.ActiveCfg = Debug|x64
		{1028DC41-C861-4B02-B1D0-D1074EA64253}.Debug|x64.Build.0 = Debug|x64
		{1028DC41-C861-4B02-B1D0-D1074EA64253}.Debug|x86.ActiveCfg = Debug|Win32
		{1028DC41-C861-4B02-B1D0-D1074EA64253}.Debug|x86.Build.0 = Debug|Win32
		{1028DC41-C861-4B02-B1D0-D1074EA64253}.Release|x64.ActiveCfg = Release|x64
		{1028DC41-C861-4B02-B1D0-D1074EA64253}.Release|x64.Build.0 = Release|x64
		{1028DC41-C861-4B02-B1D0-D1074EA64253}.Release|x86.ActiveCfg = Release|Win32
		{1028DC41-C861-4B02-B1D0-D1074EA64253}.Release|x86.Build.0 = Release|Win32
		{12416E89-0257-4E3F-993B-C0BB89AA55B1}.Debug|x64.ActiveCfg = Debug|x64
		{12416E89-0257-4E3F-993B-C0BB89AA55B1}.Debug|x64.Build.0 = Debug|x64
		{12416E89-0257-4E3F-993B-C0BB89AA55B1}.Debug|x86.ActiveCfg = Debug|Win32
		{12416E89-0257-4E3F-993B-C0BB89AA55B1}.Debug|x86.Build.0 = Debug|Win32
		{12416E89-0257-4E3F-993B-C0BB89AA55B1}.Release|x64.ActiveCfg = Release|x64
		{12416E89-0257-4E3F-993B-C0BB89AA55B1}.Release|x64.Build.0 = Release|x64
		{12416E89-0257-4E3F-993B-C0BB89AA55B1}.Release|x86.ActiveCfg = Release|Win32
		{12416E89-0257-4E3F-993B-C0BB89AA55B1}.Release|x86.Build.0 = Release|Win32
		{7856A654-C9CF-48CD-AC59-BB4EB5F6BFED}.Debug|x64.ActiveCfg = Debug|x64
		{7856A654-C9CF-48CD-AC59-BB4EB5F6BFED}.Debug|x64.Build.0 = Debug|x64
		{7856A654-C9CF-48CD-AC59-BB4EB5F6BFED}.Debug|x86.ActiveCfg = Debug|Win32
		{7856A654-C9CF-48CD-AC59-BB4EB5F6BFED}.Debug|x86.Build.0 = Debug|Win32
		{7856A654-C9CF-48CD-AC59-BB4EB5F6BFED}.Release|x64.ActiveCfg = Release|x64
		{7856A654-C9CF-48CD-AC59-BB4EB5F6BFED}.Release|x64.Build.0 = Release|x64
		{7856A654-C9CF-48CD-AC59-BB4EB5F6BFED}.Release|x86.ActiveCfg = Release|Win32
		{7856A654-C9CF-48CD-AC59-BB4EB5F6BFED}.Release|x86.Build.0 = Release|Win32
		{7E56282E-3E71-4993-9AE5-E80D5EC9E28B}.Debug|x64.ActiveCfg = Debug|x64
		{7E56282E-3E71-4993-9AE5-E80D5EC9E28B}.Debug|x64.Build.0 = Debug|x64
		{7E56282E-3E71-4993-9AE5-E80D5EC9E28B}.Debug|x86.ActiveCfg = Debug|Win32
		{7E56282E-3E71-4993-9AE5-E80D5EC9E28B}.Debug|x86.Build.0 = Debug|Win32
		{7E56282E-3E71-4993-9AE5-E80D5EC9E28B}.Release|x64.ActiveCfg = Release|x64
		{7E56282E-3E71-4993-9AE5-E80D5EC9E28B}.Release|x64.Build.0 = Release|x64
		{7E56282E-3E71-4993-9AE5-E80D5EC9E28B}.Release|x86.ActiveCfg = Release|Win32
		{7E56282E-3E71-4993-9AE5-E80D5EC9E28B}.Release|x86.Build.0 = Release|Win32
	EndGlobalSection
	GlobalSection(SolutionProperties) = preSolution
		HideSolutionNode = FALSE
	EndGlobalSection
	GlobalSection(ExtensibilityGlobals) = postSolution
		SolutionGuid = {B06657EB-91DA-4CEE-AEF7-DC0F9D2B7583}
	EndGlobalSection
EndGlobal
