
Microsoft Visual Studio Solution File, Format Version 12.00
# Visual Studio Version 17
VisualStudioVersion = 17.4.33122.133
MinimumVisualStudioVersion = 10.0.40219.1
Project("{8BC9CEB8-8B4A-11D0-8D11-00A0C91BC942}") = "Day01", "Day01\Day01.vcxproj", "{DF55FFB6-307F-4DF4-B98A-F3E2FB10EB20}"
EndProject
Project("{8BC9CEB8-8B4A-11D0-8D11-00A0C91BC942}") = "Day02", "Day02\Day02.vcxproj", "{881644C5-6751-4AD7-9F6C-1280651E6C13}"
EndProject
Project("{8BC9CEB8-8B4A-11D0-8D11-00A0C91BC942}") = "Day03", "Day03\Day03.vcxproj", "{156C2744-8F73-49E6-B7E1-75991AAF9909}"
EndProject
Project("{8BC9CEB8-8B4A-11D0-8D11-00A0C91BC942}") = "Day04", "Day04\Day04.vcxproj", "{9C8AF023-F278-42F6-95B3-5D04FCEE2829}"
EndProject
Project("{8BC9CEB8-8B4A-11D0-8D11-00A0C91BC942}") = "Day05", "Day05\Day05.vcxproj", "{0F9BB978-3737-4BA6-89CE-4F1511B5E98A}"
EndProject
Project("{8BC9CEB8-8B4A-11D0-8D11-00A0C91BC942}") = "Day06", "Day06\Day06.vcxproj", "{9B9C00BA-18CE-4BB7-A1C9-718868AE2628}"
EndProject
Project("{8BC9CEB8-8B4A-11D0-8D11-00A0C91BC942}") = "Day07", "Day07\Day07.vcxproj", "{6EDA8608-424D-4EFE-8548-454B1C14B77A}"
EndProject
Project("{8BC9CEB8-8B4A-11D0-8D11-00A0C91BC942}") = "Day08", "Day08\Day08.vcxproj", "{DCBA2D02-9AF8-4763-BA8E-FF14D128A5E6}"
EndProject
Project("{8BC9CEB8-8B4A-11D0-8D11-00A0C91BC942}") = "Day09", "Day09\Day09.vcxproj", "{538EA654-F322-4277-9283-EB43CB9ED13C}"
EndProject
Project("{8BC9CEB8-8B4A-11D0-8D11-00A0C91BC942}") = "Day10", "Day10\Day10.vcxproj", "{BEDEFA7E-EC77-4706-ACA2-51EA712E5686}"
EndProject
Project("{8BC9CEB8-8B4A-11D0-8D11-00A0C91BC942}") = "Day11", "Day11\Day11.vcxproj", "{4C907425-D05D-4891-9C39-AFCA70A1547C}"
EndProject
Project("{8BC9CEB8-8B4A-11D0-8D11-00A0C91BC942}") = "Day12", "Day12\Day12.vcxproj", "{169D93CE-0631-4EC4-8C00-99D07974AAC2}"
EndProject
Project("{8BC9CEB8-8B4A-11D0-8D11-00A0C91BC942}") = "Day13", "Day13\Day13.vcxproj", "{57A3893F-1A16-4D80-ABA9-4DDFA55B8723}"
EndProject
Project("{8BC9CEB8-8B4A-11D0-8D11-00A0C91BC942}") = "Day14", "Day14\Day14.vcxproj", "{AC035E76-FEB7-4249-8F8D-60E0E3960ADC}"
EndProject
Project("{8BC9CEB8-8B4A-11D0-8D11-00A0C91BC942}") = "Day15", "Day15\Day15.vcxproj", "{2C88D0E8-03D3-4A8C-97E2-291DE24A7AA6}"
EndProject
Project("{8BC9CEB8-8B4A-11D0-8D11-00A0C91BC942}") = "Day16", "Day16\Day16.vcxproj", "{7D689740-8A26-47E2-B7AA-9A63881A2E3D}"
EndProject
Project("{8BC9CEB8-8B4A-11D0-8D11-00A0C91BC942}") = "Day17b", "Day17b\Day17b.vcxproj", "{D414D1FD-5715-4037-873B-94FF737314FF}"
EndProject
Project("{8BC9CEB8-8B4A-11D0-8D11-00A0C91BC942}") = "Day17a", "Day17a\Day17a.vcxproj", "{C673BC98-BF1D-4002-9B46-6C55E86542F2}"
EndProject
Project("{8BC9CEB8-8B4A-11D0-8D11-00A0C91BC942}") = "Day18", "Day18\Day18.vcxproj", "{1383A975-FF16-4BB3-955B-03DADF963388}"
EndProject
Project("{8BC9CEB8-8B4A-11D0-8D11-00A0C91BC942}") = "Day19", "Day19\Day19.vcxproj", "{6A1E0482-44BB-4208-8E8A-930B966026BB}"
EndProject
Project("{8BC9CEB8-8B4A-11D0-8D11-00A0C91BC942}") = "Day20", "Day20\Day20.vcxproj", "{F9D91E87-6E70-4D70-B50B-8C28D90B1B67}"
EndProject
Global
	GlobalSection(SolutionConfigurationPlatforms) = preSolution
		Debug|x64 = Debug|x64
		Debug|x86 = Debug|x86
		Release|x64 = Release|x64
		Release|x86 = Release|x86
	EndGlobalSection
	GlobalSection(ProjectConfigurationPlatforms) = postSolution
		{DF55FFB6-307F-4DF4-B98A-F3E2FB10EB20}.Debug|x64.ActiveCfg = Debug|x64
		{DF55FFB6-307F-4DF4-B98A-F3E2FB10EB20}.Debug|x64.Build.0 = Debug|x64
		{DF55FFB6-307F-4DF4-B98A-F3E2FB10EB20}.Debug|x86.ActiveCfg = Debug|Win32
		{DF55FFB6-307F-4DF4-B98A-F3E2FB10EB20}.Debug|x86.Build.0 = Debug|Win32
		{DF55FFB6-307F-4DF4-B98A-F3E2FB10EB20}.Release|x64.ActiveCfg = Release|x64
		{DF55FFB6-307F-4DF4-B98A-F3E2FB10EB20}.Release|x64.Build.0 = Release|x64
		{DF55FFB6-307F-4DF4-B98A-F3E2FB10EB20}.Release|x86.ActiveCfg = Release|Win32
		{DF55FFB6-307F-4DF4-B98A-F3E2FB10EB20}.Release|x86.Build.0 = Release|Win32
		{881644C5-6751-4AD7-9F6C-1280651E6C13}.Debug|x64.ActiveCfg = Debug|x64
		{881644C5-6751-4AD7-9F6C-1280651E6C13}.Debug|x64.Build.0 = Debug|x64
		{881644C5-6751-4AD7-9F6C-1280651E6C13}.Debug|x86.ActiveCfg = Debug|Win32
		{881644C5-6751-4AD7-9F6C-1280651E6C13}.Debug|x86.Build.0 = Debug|Win32
		{881644C5-6751-4AD7-9F6C-1280651E6C13}.Release|x64.ActiveCfg = Release|x64
		{881644C5-6751-4AD7-9F6C-1280651E6C13}.Release|x64.Build.0 = Release|x64
		{881644C5-6751-4AD7-9F6C-1280651E6C13}.Release|x86.ActiveCfg = Release|Win32
		{881644C5-6751-4AD7-9F6C-1280651E6C13}.Release|x86.Build.0 = Release|Win32
		{156C2744-8F73-49E6-B7E1-75991AAF9909}.Debug|x64.ActiveCfg = Debug|x64
		{156C2744-8F73-49E6-B7E1-75991AAF9909}.Debug|x64.Build.0 = Debug|x64
		{156C2744-8F73-49E6-B7E1-75991AAF9909}.Debug|x86.ActiveCfg = Debug|Win32
		{156C2744-8F73-49E6-B7E1-75991AAF9909}.Debug|x86.Build.0 = Debug|Win32
		{156C2744-8F73-49E6-B7E1-75991AAF9909}.Release|x64.ActiveCfg = Release|x64
		{156C2744-8F73-49E6-B7E1-75991AAF9909}.Release|x64.Build.0 = Release|x64
		{156C2744-8F73-49E6-B7E1-75991AAF9909}.Release|x86.ActiveCfg = Release|Win32
		{156C2744-8F73-49E6-B7E1-75991AAF9909}.Release|x86.Build.0 = Release|Win32
		{9C8AF023-F278-42F6-95B3-5D04FCEE2829}.Debug|x64.ActiveCfg = Debug|x64
		{9C8AF023-F278-42F6-95B3-5D04FCEE2829}.Debug|x64.Build.0 = Debug|x64
		{9C8AF023-F278-42F6-95B3-5D04FCEE2829}.Debug|x86.ActiveCfg = Debug|Win32
		{9C8AF023-F278-42F6-95B3-5D04FCEE2829}.Debug|x86.Build.0 = Debug|Win32
		{9C8AF023-F278-42F6-95B3-5D04FCEE2829}.Release|x64.ActiveCfg = Release|x64
		{9C8AF023-F278-42F6-95B3-5D04FCEE2829}.Release|x64.Build.0 = Release|x64
		{9C8AF023-F278-42F6-95B3-5D04FCEE2829}.Release|x86.ActiveCfg = Release|Win32
		{9C8AF023-F278-42F6-95B3-5D04FCEE2829}.Release|x86.Build.0 = Release|Win32
		{0F9BB978-3737-4BA6-89CE-4F1511B5E98A}.Debug|x64.ActiveCfg = Debug|x64
		{0F9BB978-3737-4BA6-89CE-4F1511B5E98A}.Debug|x64.Build.0 = Debug|x64
		{0F9BB978-3737-4BA6-89CE-4F1511B5E98A}.Debug|x86.ActiveCfg = Debug|Win32
		{0F9BB978-3737-4BA6-89CE-4F1511B5E98A}.Debug|x86.Build.0 = Debug|Win32
		{0F9BB978-3737-4BA6-89CE-4F1511B5E98A}.Release|x64.ActiveCfg = Release|x64
		{0F9BB978-3737-4BA6-89CE-4F1511B5E98A}.Release|x64.Build.0 = Release|x64
		{0F9BB978-3737-4BA6-89CE-4F1511B5E98A}.Release|x86.ActiveCfg = Release|Win32
		{0F9BB978-3737-4BA6-89CE-4F1511B5E98A}.Release|x86.Build.0 = Release|Win32
		{9B9C00BA-18CE-4BB7-A1C9-718868AE2628}.Debug|x64.ActiveCfg = Debug|x64
		{9B9C00BA-18CE-4BB7-A1C9-718868AE2628}.Debug|x64.Build.0 = Debug|x64
		{9B9C00BA-18CE-4BB7-A1C9-718868AE2628}.Debug|x86.ActiveCfg = Debug|Win32
		{9B9C00BA-18CE-4BB7-A1C9-718868AE2628}.Debug|x86.Build.0 = Debug|Win32
		{9B9C00BA-18CE-4BB7-A1C9-718868AE2628}.Release|x64.ActiveCfg = Release|x64
		{9B9C00BA-18CE-4BB7-A1C9-718868AE2628}.Release|x64.Build.0 = Release|x64
		{9B9C00BA-18CE-4BB7-A1C9-718868AE2628}.Release|x86.ActiveCfg = Release|Win32
		{9B9C00BA-18CE-4BB7-A1C9-718868AE2628}.Release|x86.Build.0 = Release|Win32
		{6EDA8608-424D-4EFE-8548-454B1C14B77A}.Debug|x64.ActiveCfg = Debug|x64
		{6EDA8608-424D-4EFE-8548-454B1C14B77A}.Debug|x64.Build.0 = Debug|x64
		{6EDA8608-424D-4EFE-8548-454B1C14B77A}.Debug|x86.ActiveCfg = Debug|Win32
		{6EDA8608-424D-4EFE-8548-454B1C14B77A}.Debug|x86.Build.0 = Debug|Win32
		{6EDA8608-424D-4EFE-8548-454B1C14B77A}.Release|x64.ActiveCfg = Release|x64
		{6EDA8608-424D-4EFE-8548-454B1C14B77A}.Release|x64.Build.0 = Release|x64
		{6EDA8608-424D-4EFE-8548-454B1C14B77A}.Release|x86.ActiveCfg = Release|Win32
		{6EDA8608-424D-4EFE-8548-454B1C14B77A}.Release|x86.Build.0 = Release|Win32
		{DCBA2D02-9AF8-4763-BA8E-FF14D128A5E6}.Debug|x64.ActiveCfg = Debug|x64
		{DCBA2D02-9AF8-4763-BA8E-FF14D128A5E6}.Debug|x64.Build.0 = Debug|x64
		{DCBA2D02-9AF8-4763-BA8E-FF14D128A5E6}.Debug|x86.ActiveCfg = Debug|Win32
		{DCBA2D02-9AF8-4763-BA8E-FF14D128A5E6}.Debug|x86.Build.0 = Debug|Win32
		{DCBA2D02-9AF8-4763-BA8E-FF14D128A5E6}.Release|x64.ActiveCfg = Release|x64
		{DCBA2D02-9AF8-4763-BA8E-FF14D128A5E6}.Release|x64.Build.0 = Release|x64
		{DCBA2D02-9AF8-4763-BA8E-FF14D128A5E6}.Release|x86.ActiveCfg = Release|Win32
		{DCBA2D02-9AF8-4763-BA8E-FF14D128A5E6}.Release|x86.Build.0 = Release|Win32
		{538EA654-F322-4277-9283-EB43CB9ED13C}.Debug|x64.ActiveCfg = Debug|x64
		{538EA654-F322-4277-9283-EB43CB9ED13C}.Debug|x64.Build.0 = Debug|x64
		{538EA654-F322-4277-9283-EB43CB9ED13C}.Debug|x86.ActiveCfg = Debug|Win32
		{538EA654-F322-4277-9283-EB43CB9ED13C}.Debug|x86.Build.0 = Debug|Win32
		{538EA654-F322-4277-9283-EB43CB9ED13C}.Release|x64.ActiveCfg = Release|x64
		{538EA654-F322-4277-9283-EB43CB9ED13C}.Release|x64.Build.0 = Release|x64
		{538EA654-F322-4277-9283-EB43CB9ED13C}.Release|x86.ActiveCfg = Release|Win32
		{538EA654-F322-4277-9283-EB43CB9ED13C}.Release|x86.Build.0 = Release|Win32
		{BEDEFA7E-EC77-4706-ACA2-51EA712E5686}.Debug|x64.ActiveCfg = Debug|x64
		{BEDEFA7E-EC77-4706-ACA2-51EA712E5686}.Debug|x64.Build.0 = Debug|x64
		{BEDEFA7E-EC77-4706-ACA2-51EA712E5686}.Debug|x86.ActiveCfg = Debug|Win32
		{BEDEFA7E-EC77-4706-ACA2-51EA712E5686}.Debug|x86.Build.0 = Debug|Win32
		{BEDEFA7E-EC77-4706-ACA2-51EA712E5686}.Release|x64.ActiveCfg = Release|x64
		{BEDEFA7E-EC77-4706-ACA2-51EA712E5686}.Release|x64.Build.0 = Release|x64
		{BEDEFA7E-EC77-4706-ACA2-51EA712E5686}.Release|x86.ActiveCfg = Release|Win32
		{BEDEFA7E-EC77-4706-ACA2-51EA712E5686}.Release|x86.Build.0 = Release|Win32
		{4C907425-D05D-4891-9C39-AFCA70A1547C}.Debug|x64.ActiveCfg = Debug|x64
		{4C907425-D05D-4891-9C39-AFCA70A1547C}.Debug|x64.Build.0 = Debug|x64
		{4C907425-D05D-4891-9C39-AFCA70A1547C}.Debug|x86.ActiveCfg = Debug|Win32
		{4C907425-D05D-4891-9C39-AFCA70A1547C}.Debug|x86.Build.0 = Debug|Win32
		{4C907425-D05D-4891-9C39-AFCA70A1547C}.Release|x64.ActiveCfg = Release|x64
		{4C907425-D05D-4891-9C39-AFCA70A1547C}.Release|x64.Build.0 = Release|x64
		{4C907425-D05D-4891-9C39-AFCA70A1547C}.Release|x86.ActiveCfg = Release|Win32
		{4C907425-D05D-4891-9C39-AFCA70A1547C}.Release|x86.Build.0 = Release|Win32
		{169D93CE-0631-4EC4-8C00-99D07974AAC2}.Debug|x64.ActiveCfg = Debug|x64
		{169D93CE-0631-4EC4-8C00-99D07974AAC2}.Debug|x64.Build.0 = Debug|x64
		{169D93CE-0631-4EC4-8C00-99D07974AAC2}.Debug|x86.ActiveCfg = Debug|Win32
		{169D93CE-0631-4EC4-8C00-99D07974AAC2}.Debug|x86.Build.0 = Debug|Win32
		{169D93CE-0631-4EC4-8C00-99D07974AAC2}.Release|x64.ActiveCfg = Release|x64
		{169D93CE-0631-4EC4-8C00-99D07974AAC2}.Release|x64.Build.0 = Release|x64
		{169D93CE-0631-4EC4-8C00-99D07974AAC2}.Release|x86.ActiveCfg = Release|Win32
		{169D93CE-0631-4EC4-8C00-99D07974AAC2}.Release|x86.Build.0 = Release|Win32
		{57A3893F-1A16-4D80-ABA9-4DDFA55B8723}.Debug|x64.ActiveCfg = Debug|x64
		{57A3893F-1A16-4D80-ABA9-4DDFA55B8723}.Debug|x64.Build.0 = Debug|x64
		{57A3893F-1A16-4D80-ABA9-4DDFA55B8723}.Debug|x86.ActiveCfg = Debug|Win32
		{57A3893F-1A16-4D80-ABA9-4DDFA55B8723}.Debug|x86.Build.0 = Debug|Win32
		{57A3893F-1A16-4D80-ABA9-4DDFA55B8723}.Release|x64.ActiveCfg = Release|x64
		{57A3893F-1A16-4D80-ABA9-4DDFA55B8723}.Release|x64.Build.0 = Release|x64
		{57A3893F-1A16-4D80-ABA9-4DDFA55B8723}.Release|x86.ActiveCfg = Release|Win32
		{57A3893F-1A16-4D80-ABA9-4DDFA55B8723}.Release|x86.Build.0 = Release|Win32
		{AC035E76-FEB7-4249-8F8D-60E0E3960ADC}.Debug|x64.ActiveCfg = Debug|x64
		{AC035E76-FEB7-4249-8F8D-60E0E3960ADC}.Debug|x64.Build.0 = Debug|x64
		{AC035E76-FEB7-4249-8F8D-60E0E3960ADC}.Debug|x86.ActiveCfg = Debug|Win32
		{AC035E76-FEB7-4249-8F8D-60E0E3960ADC}.Debug|x86.Build.0 = Debug|Win32
		{AC035E76-FEB7-4249-8F8D-60E0E3960ADC}.Release|x64.ActiveCfg = Release|x64
		{AC035E76-FEB7-4249-8F8D-60E0E3960ADC}.Release|x64.Build.0 = Release|x64
		{AC035E76-FEB7-4249-8F8D-60E0E3960ADC}.Release|x86.ActiveCfg = Release|Win32
		{AC035E76-FEB7-4249-8F8D-60E0E3960ADC}.Release|x86.Build.0 = Release|Win32
		{2C88D0E8-03D3-4A8C-97E2-291DE24A7AA6}.Debug|x64.ActiveCfg = Debug|x64
		{2C88D0E8-03D3-4A8C-97E2-291DE24A7AA6}.Debug|x64.Build.0 = Debug|x64
		{2C88D0E8-03D3-4A8C-97E2-291DE24A7AA6}.Debug|x86.ActiveCfg = Debug|Win32
		{2C88D0E8-03D3-4A8C-97E2-291DE24A7AA6}.Debug|x86.Build.0 = Debug|Win32
		{2C88D0E8-03D3-4A8C-97E2-291DE24A7AA6}.Release|x64.ActiveCfg = Release|x64
		{2C88D0E8-03D3-4A8C-97E2-291DE24A7AA6}.Release|x64.Build.0 = Release|x64
		{2C88D0E8-03D3-4A8C-97E2-291DE24A7AA6}.Release|x86.ActiveCfg = Release|Win32
		{2C88D0E8-03D3-4A8C-97E2-291DE24A7AA6}.Release|x86.Build.0 = Release|Win32
		{7D689740-8A26-47E2-B7AA-9A63881A2E3D}.Debug|x64.ActiveCfg = Debug|x64
		{7D689740-8A26-47E2-B7AA-9A63881A2E3D}.Debug|x64.Build.0 = Debug|x64
		{7D689740-8A26-47E2-B7AA-9A63881A2E3D}.Debug|x86.ActiveCfg = Debug|Win32
		{7D689740-8A26-47E2-B7AA-9A63881A2E3D}.Debug|x86.Build.0 = Debug|Win32
		{7D689740-8A26-47E2-B7AA-9A63881A2E3D}.Release|x64.ActiveCfg = Release|x64
		{7D689740-8A26-47E2-B7AA-9A63881A2E3D}.Release|x64.Build.0 = Release|x64
		{7D689740-8A26-47E2-B7AA-9A63881A2E3D}.Release|x86.ActiveCfg = Release|Win32
		{7D689740-8A26-47E2-B7AA-9A63881A2E3D}.Release|x86.Build.0 = Release|Win32
		{D414D1FD-5715-4037-873B-94FF737314FF}.Debug|x64.ActiveCfg = Debug|x64
		{D414D1FD-5715-4037-873B-94FF737314FF}.Debug|x64.Build.0 = Debug|x64
		{D414D1FD-5715-4037-873B-94FF737314FF}.Debug|x86.ActiveCfg = Debug|Win32
		{D414D1FD-5715-4037-873B-94FF737314FF}.Debug|x86.Build.0 = Debug|Win32
		{D414D1FD-5715-4037-873B-94FF737314FF}.Release|x64.ActiveCfg = Release|x64
		{D414D1FD-5715-4037-873B-94FF737314FF}.Release|x64.Build.0 = Release|x64
		{D414D1FD-5715-4037-873B-94FF737314FF}.Release|x86.ActiveCfg = Release|Win32
		{D414D1FD-5715-4037-873B-94FF737314FF}.Release|x86.Build.0 = Release|Win32
		{C673BC98-BF1D-4002-9B46-6C55E86542F2}.Debug|x64.ActiveCfg = Debug|x64
		{C673BC98-BF1D-4002-9B46-6C55E86542F2}.Debug|x64.Build.0 = Debug|x64
		{C673BC98-BF1D-4002-9B46-6C55E86542F2}.Debug|x86.ActiveCfg = Debug|Win32
		{C673BC98-BF1D-4002-9B46-6C55E86542F2}.Debug|x86.Build.0 = Debug|Win32
		{C673BC98-BF1D-4002-9B46-6C55E86542F2}.Release|x64.ActiveCfg = Release|x64
		{C673BC98-BF1D-4002-9B46-6C55E86542F2}.Release|x64.Build.0 = Release|x64
		{C673BC98-BF1D-4002-9B46-6C55E86542F2}.Release|x86.ActiveCfg = Release|Win32
		{C673BC98-BF1D-4002-9B46-6C55E86542F2}.Release|x86.Build.0 = Release|Win32
		{1383A975-FF16-4BB3-955B-03DADF963388}.Debug|x64.ActiveCfg = Debug|x64
		{1383A975-FF16-4BB3-955B-03DADF963388}.Debug|x64.Build.0 = Debug|x64
		{1383A975-FF16-4BB3-955B-03DADF963388}.Debug|x86.ActiveCfg = Debug|Win32
		{1383A975-FF16-4BB3-955B-03DADF963388}.Debug|x86.Build.0 = Debug|Win32
		{1383A975-FF16-4BB3-955B-03DADF963388}.Release|x64.ActiveCfg = Release|x64
		{1383A975-FF16-4BB3-955B-03DADF963388}.Release|x64.Build.0 = Release|x64
		{1383A975-FF16-4BB3-955B-03DADF963388}.Release|x86.ActiveCfg = Release|Win32
		{1383A975-FF16-4BB3-955B-03DADF963388}.Release|x86.Build.0 = Release|Win32
		{6A1E0482-44BB-4208-8E8A-930B966026BB}.Debug|x64.ActiveCfg = Debug|x64
		{6A1E0482-44BB-4208-8E8A-930B966026BB}.Debug|x64.Build.0 = Debug|x64
		{6A1E0482-44BB-4208-8E8A-930B966026BB}.Debug|x86.ActiveCfg = Debug|Win32
		{6A1E0482-44BB-4208-8E8A-930B966026BB}.Debug|x86.Build.0 = Debug|Win32
		{6A1E0482-44BB-4208-8E8A-930B966026BB}.Release|x64.ActiveCfg = Release|x64
		{6A1E0482-44BB-4208-8E8A-930B966026BB}.Release|x64.Build.0 = Release|x64
		{6A1E0482-44BB-4208-8E8A-930B966026BB}.Release|x86.ActiveCfg = Release|Win32
		{6A1E0482-44BB-4208-8E8A-930B966026BB}.Release|x86.Build.0 = Release|Win32
		{F9D91E87-6E70-4D70-B50B-8C28D90B1B67}.Debug|x64.ActiveCfg = Debug|x64
		{F9D91E87-6E70-4D70-B50B-8C28D90B1B67}.Debug|x64.Build.0 = Debug|x64
		{F9D91E87-6E70-4D70-B50B-8C28D90B1B67}.Debug|x86.ActiveCfg = Debug|Win32
		{F9D91E87-6E70-4D70-B50B-8C28D90B1B67}.Debug|x86.Build.0 = Debug|Win32
		{F9D91E87-6E70-4D70-B50B-8C28D90B1B67}.Release|x64.ActiveCfg = Release|x64
		{F9D91E87-6E70-4D70-B50B-8C28D90B1B67}.Release|x64.Build.0 = Release|x64
		{F9D91E87-6E70-4D70-B50B-8C28D90B1B67}.Release|x86.ActiveCfg = Release|Win32
		{F9D91E87-6E70-4D70-B50B-8C28D90B1B67}.Release|x86.Build.0 = Release|Win32
	EndGlobalSection
	GlobalSection(SolutionProperties) = preSolution
		HideSolutionNode = FALSE
	EndGlobalSection
	GlobalSection(ExtensibilityGlobals) = postSolution
		SolutionGuid = {662CA579-8002-4647-A098-2317B9259679}
	EndGlobalSection
EndGlobal
