
Microsoft Visual Studio Solution File, Format Version 12.00
# Visual Studio Version 17
VisualStudioVersion = 17.3.32825.248
MinimumVisualStudioVersion = 10.0.40219.1
Project("{8BC9CEB8-8B4A-11D0-8D11-00A0C91BC942}") = "Day01", "Day01\Day01.vcxproj", "{6F7F8F33-3467-4363-8D23-CECE0C769434}"
EndProject
Project("{8BC9CEB8-8B4A-11D0-8D11-00A0C91BC942}") = "Day02", "Day02\Day02.vcxproj", "{020A350F-BC4A-4DE1-98B6-9BD26FC4B35D}"
EndProject
Project("{8BC9CEB8-8B4A-11D0-8D11-00A0C91BC942}") = "Day03", "Day03\Day03.vcxproj", "{0C406C73-9E3A-4D7D-8E16-270B3E465D2E}"
EndProject
Project("{8BC9CEB8-8B4A-11D0-8D11-00A0C91BC942}") = "Day04", "Day04\Day04.vcxproj", "{03B7F8D0-C4E9-4003-8504-AF2DAFC21C4B}"
EndProject
Project("{8BC9CEB8-8B4A-11D0-8D11-00A0C91BC942}") = "Day05", "Day05\Day05.vcxproj", "{CA5D529A-0B5F-49C6-8314-6BE75B314E3B}"
EndProject
Project("{8BC9CEB8-8B4A-11D0-8D11-00A0C91BC942}") = "Day06", "Day06\Day06.vcxproj", "{DACF12E7-9D0B-4412-9925-BCA967E2092C}"
EndProject
Project("{8BC9CEB8-8B4A-11D0-8D11-00A0C91BC942}") = "Day07", "Day07\Day07.vcxproj", "{C23271AF-2E91-4C4D-A016-93AA930971E2}"
EndProject
Project("{8BC9CEB8-8B4A-11D0-8D11-00A0C91BC942}") = "Day08", "Day08\Day08.vcxproj", "{181FE29E-CCB1-4D80-9399-172FC9CFFCA0}"
EndProject
Project("{8BC9CEB8-8B4A-11D0-8D11-00A0C91BC942}") = "Day09", "Day09\Day09.vcxproj", "{D7E77FE3-A9EF-4C1F-853A-21FFED0DB97B}"
EndProject
Project("{8BC9CEB8-8B4A-11D0-8D11-00A0C91BC942}") = "Day10", "Day10\Day10.vcxproj", "{1F61624F-EA02-430C-8489-05F78B42F03E}"
EndProject
Project("{8BC9CEB8-8B4A-11D0-8D11-00A0C91BC942}") = "Day11", "Day11\Day11.vcxproj", "{4006EA92-8AE5-4025-A070-EF99348DADBF}"
EndProject
Project("{8BC9CEB8-8B4A-11D0-8D11-00A0C91BC942}") = "Day12", "Day12\Day12.vcxproj", "{DBA8D916-75ED-476E-A3B2-7D1A27017528}"
EndProject
Project("{8BC9CEB8-8B4A-11D0-8D11-00A0C91BC942}") = "Day13", "Day13\Day13.vcxproj", "{D904FE79-72AD-493D-93E7-24E7409D230E}"
EndProject
Project("{8BC9CEB8-8B4A-11D0-8D11-00A0C91BC942}") = "Day14", "Day14\Day14.vcxproj", "{BD71D785-E088-43DF-B876-69820F6ED623}"
EndProject
Project("{8BC9CEB8-8B4A-11D0-8D11-00A0C91BC942}") = "Day15", "Day15\Day15.vcxproj", "{595AF72D-B226-4D29-A2C4-218C9554EE6A}"
EndProject
Project("{8BC9CEB8-8B4A-11D0-8D11-00A0C91BC942}") = "Day16", "Day16\Day16.vcxproj", "{F636F992-3E14-480B-ACC1-62A0DC88E8E1}"
EndProject
Project("{8BC9CEB8-8B4A-11D0-8D11-00A0C91BC942}") = "Day18", "Day18\Day18.vcxproj", "{1074B2BA-E769-4CF6-B61D-194D273CEDB3}"
EndProject
Project("{8BC9CEB8-8B4A-11D0-8D11-00A0C91BC942}") = "Day17", "Day17\Day17.vcxproj", "{2C84DAD4-2342-4FCA-B4D6-129864C4ABAB}"
EndProject
Project("{8BC9CEB8-8B4A-11D0-8D11-00A0C91BC942}") = "Day20", "Day20\Day20.vcxproj", "{9D56F6A0-51DA-4855-8B1B-1838DF61B372}"
EndProject
Project("{8BC9CEB8-8B4A-11D0-8D11-00A0C91BC942}") = "Day21", "Day21\Day21.vcxproj", "{4319B041-DC5C-4FF0-8618-F60A36C8203A}"
EndProject
Project("{8BC9CEB8-8B4A-11D0-8D11-00A0C91BC942}") = "Day22", "Day22\Day22.vcxproj", "{78E62675-BA50-43C3-A0FC-A8F768A390D7}"
EndProject
Project("{8BC9CEB8-8B4A-11D0-8D11-00A0C91BC942}") = "Day23", "Day23\Day23.vcxproj", "{0ECB82F7-87D9-4C3E-B5F2-56EC8A9208EE}"
EndProject
Project("{8BC9CEB8-8B4A-11D0-8D11-00A0C91BC942}") = "Day22b", "Day22b\Day22b.vcxproj", "{1ED0A633-1FA1-46CA-89C8-5B47CE615E4B}"
EndProject
Project("{8BC9CEB8-8B4A-11D0-8D11-00A0C91BC942}") = "Day25", "Day25\Day25.vcxproj", "{B89DC86C-CE75-4DC2-9A43-27CB2ECD4989}"
EndProject
Project("{8BC9CEB8-8B4A-11D0-8D11-00A0C91BC942}") = "Day24", "Day24\Day24.vcxproj", "{BBDD02DF-D976-456A-A43E-1016E4A9F906}"
EndProject
Global
	GlobalSection(SolutionConfigurationPlatforms) = preSolution
		Debug|x64 = Debug|x64
		Debug|x86 = Debug|x86
		Release|x64 = Release|x64
		Release|x86 = Release|x86
	EndGlobalSection
	GlobalSection(ProjectConfigurationPlatforms) = postSolution
		{6F7F8F33-3467-4363-8D23-CECE0C769434}.Debug|x64.ActiveCfg = Debug|x64
		{6F7F8F33-3467-4363-8D23-CECE0C769434}.Debug|x64.Build.0 = Debug|x64
		{6F7F8F33-3467-4363-8D23-CECE0C769434}.Debug|x86.ActiveCfg = Debug|Win32
		{6F7F8F33-3467-4363-8D23-CECE0C769434}.Debug|x86.Build.0 = Debug|Win32
		{6F7F8F33-3467-4363-8D23-CECE0C769434}.Release|x64.ActiveCfg = Release|x64
		{6F7F8F33-3467-4363-8D23-CECE0C769434}.Release|x64.Build.0 = Release|x64
		{6F7F8F33-3467-4363-8D23-CECE0C769434}.Release|x86.ActiveCfg = Release|Win32
		{6F7F8F33-3467-4363-8D23-CECE0C769434}.Release|x86.Build.0 = Release|Win32
		{020A350F-BC4A-4DE1-98B6-9BD26FC4B35D}.Debug|x64.ActiveCfg = Debug|x64
		{020A350F-BC4A-4DE1-98B6-9BD26FC4B35D}.Debug|x64.Build.0 = Debug|x64
		{020A350F-BC4A-4DE1-98B6-9BD26FC4B35D}.Debug|x86.ActiveCfg = Debug|Win32
		{020A350F-BC4A-4DE1-98B6-9BD26FC4B35D}.Debug|x86.Build.0 = Debug|Win32
		{020A350F-BC4A-4DE1-98B6-9BD26FC4B35D}.Release|x64.ActiveCfg = Release|x64
		{020A350F-BC4A-4DE1-98B6-9BD26FC4B35D}.Release|x64.Build.0 = Release|x64
		{020A350F-BC4A-4DE1-98B6-9BD26FC4B35D}.Release|x86.ActiveCfg = Release|Win32
		{020A350F-BC4A-4DE1-98B6-9BD26FC4B35D}.Release|x86.Build.0 = Release|Win32
		{0C406C73-9E3A-4D7D-8E16-270B3E465D2E}.Debug|x64.ActiveCfg = Debug|x64
		{0C406C73-9E3A-4D7D-8E16-270B3E465D2E}.Debug|x64.Build.0 = Debug|x64
		{0C406C73-9E3A-4D7D-8E16-270B3E465D2E}.Debug|x86.ActiveCfg = Debug|Win32
		{0C406C73-9E3A-4D7D-8E16-270B3E465D2E}.Debug|x86.Build.0 = Debug|Win32
		{0C406C73-9E3A-4D7D-8E16-270B3E465D2E}.Release|x64.ActiveCfg = Release|x64
		{0C406C73-9E3A-4D7D-8E16-270B3E465D2E}.Release|x64.Build.0 = Release|x64
		{0C406C73-9E3A-4D7D-8E16-270B3E465D2E}.Release|x86.ActiveCfg = Release|Win32
		{0C406C73-9E3A-4D7D-8E16-270B3E465D2E}.Release|x86.Build.0 = Release|Win32
		{03B7F8D0-C4E9-4003-8504-AF2DAFC21C4B}.Debug|x64.ActiveCfg = Debug|x64
		{03B7F8D0-C4E9-4003-8504-AF2DAFC21C4B}.Debug|x64.Build.0 = Debug|x64
		{03B7F8D0-C4E9-4003-8504-AF2DAFC21C4B}.Debug|x86.ActiveCfg = Debug|Win32
		{03B7F8D0-C4E9-4003-8504-AF2DAFC21C4B}.Debug|x86.Build.0 = Debug|Win32
		{03B7F8D0-C4E9-4003-8504-AF2DAFC21C4B}.Release|x64.ActiveCfg = Release|x64
		{03B7F8D0-C4E9-4003-8504-AF2DAFC21C4B}.Release|x64.Build.0 = Release|x64
		{03B7F8D0-C4E9-4003-8504-AF2DAFC21C4B}.Release|x86.ActiveCfg = Release|Win32
		{03B7F8D0-C4E9-4003-8504-AF2DAFC21C4B}.Release|x86.Build.0 = Release|Win32
		{CA5D529A-0B5F-49C6-8314-6BE75B314E3B}.Debug|x64.ActiveCfg = Debug|x64
		{CA5D529A-0B5F-49C6-8314-6BE75B314E3B}.Debug|x64.Build.0 = Debug|x64
		{CA5D529A-0B5F-49C6-8314-6BE75B314E3B}.Debug|x86.ActiveCfg = Debug|Win32
		{CA5D529A-0B5F-49C6-8314-6BE75B314E3B}.Debug|x86.Build.0 = Debug|Win32
		{CA5D529A-0B5F-49C6-8314-6BE75B314E3B}.Release|x64.ActiveCfg = Release|x64
		{CA5D529A-0B5F-49C6-8314-6BE75B314E3B}.Release|x64.Build.0 = Release|x64
		{CA5D529A-0B5F-49C6-8314-6BE75B314E3B}.Release|x86.ActiveCfg = Release|Win32
		{CA5D529A-0B5F-49C6-8314-6BE75B314E3B}.Release|x86.Build.0 = Release|Win32
		{DACF12E7-9D0B-4412-9925-BCA967E2092C}.Debug|x64.ActiveCfg = Debug|x64
		{DACF12E7-9D0B-4412-9925-BCA967E2092C}.Debug|x64.Build.0 = Debug|x64
		{DACF12E7-9D0B-4412-9925-BCA967E2092C}.Debug|x86.ActiveCfg = Debug|Win32
		{DACF12E7-9D0B-4412-9925-BCA967E2092C}.Debug|x86.Build.0 = Debug|Win32
		{DACF12E7-9D0B-4412-9925-BCA967E2092C}.Release|x64.ActiveCfg = Release|x64
		{DACF12E7-9D0B-4412-9925-BCA967E2092C}.Release|x64.Build.0 = Release|x64
		{DACF12E7-9D0B-4412-9925-BCA967E2092C}.Release|x86.ActiveCfg = Release|Win32
		{DACF12E7-9D0B-4412-9925-BCA967E2092C}.Release|x86.Build.0 = Release|Win32
		{C23271AF-2E91-4C4D-A016-93AA930971E2}.Debug|x64.ActiveCfg = Debug|x64
		{C23271AF-2E91-4C4D-A016-93AA930971E2}.Debug|x64.Build.0 = Debug|x64
		{C23271AF-2E91-4C4D-A016-93AA930971E2}.Debug|x86.ActiveCfg = Debug|Win32
		{C23271AF-2E91-4C4D-A016-93AA930971E2}.Debug|x86.Build.0 = Debug|Win32
		{C23271AF-2E91-4C4D-A016-93AA930971E2}.Release|x64.ActiveCfg = Release|x64
		{C23271AF-2E91-4C4D-A016-93AA930971E2}.Release|x64.Build.0 = Release|x64
		{C23271AF-2E91-4C4D-A016-93AA930971E2}.Release|x86.ActiveCfg = Release|Win32
		{C23271AF-2E91-4C4D-A016-93AA930971E2}.Release|x86.Build.0 = Release|Win32
		{181FE29E-CCB1-4D80-9399-172FC9CFFCA0}.Debug|x64.ActiveCfg = Debug|x64
		{181FE29E-CCB1-4D80-9399-172FC9CFFCA0}.Debug|x64.Build.0 = Debug|x64
		{181FE29E-CCB1-4D80-9399-172FC9CFFCA0}.Debug|x86.ActiveCfg = Debug|Win32
		{181FE29E-CCB1-4D80-9399-172FC9CFFCA0}.Debug|x86.Build.0 = Debug|Win32
		{181FE29E-CCB1-4D80-9399-172FC9CFFCA0}.Release|x64.ActiveCfg = Release|x64
		{181FE29E-CCB1-4D80-9399-172FC9CFFCA0}.Release|x64.Build.0 = Release|x64
		{181FE29E-CCB1-4D80-9399-172FC9CFFCA0}.Release|x86.ActiveCfg = Release|Win32
		{181FE29E-CCB1-4D80-9399-172FC9CFFCA0}.Release|x86.Build.0 = Release|Win32
		{D7E77FE3-A9EF-4C1F-853A-21FFED0DB97B}.Debug|x64.ActiveCfg = Debug|x64
		{D7E77FE3-A9EF-4C1F-853A-21FFED0DB97B}.Debug|x64.Build.0 = Debug|x64
		{D7E77FE3-A9EF-4C1F-853A-21FFED0DB97B}.Debug|x86.ActiveCfg = Debug|Win32
		{D7E77FE3-A9EF-4C1F-853A-21FFED0DB97B}.Debug|x86.Build.0 = Debug|Win32
		{D7E77FE3-A9EF-4C1F-853A-21FFED0DB97B}.Release|x64.ActiveCfg = Release|x64
		{D7E77FE3-A9EF-4C1F-853A-21FFED0DB97B}.Release|x64.Build.0 = Release|x64
		{D7E77FE3-A9EF-4C1F-853A-21FFED0DB97B}.Release|x86.ActiveCfg = Release|Win32
		{D7E77FE3-A9EF-4C1F-853A-21FFED0DB97B}.Release|x86.Build.0 = Release|Win32
		{1F61624F-EA02-430C-8489-05F78B42F03E}.Debug|x64.ActiveCfg = Debug|x64
		{1F61624F-EA02-430C-8489-05F78B42F03E}.Debug|x64.Build.0 = Debug|x64
		{1F61624F-EA02-430C-8489-05F78B42F03E}.Debug|x86.ActiveCfg = Debug|Win32
		{1F61624F-EA02-430C-8489-05F78B42F03E}.Debug|x86.Build.0 = Debug|Win32
		{1F61624F-EA02-430C-8489-05F78B42F03E}.Release|x64.ActiveCfg = Release|x64
		{1F61624F-EA02-430C-8489-05F78B42F03E}.Release|x64.Build.0 = Release|x64
		{1F61624F-EA02-430C-8489-05F78B42F03E}.Release|x86.ActiveCfg = Release|Win32
		{1F61624F-EA02-430C-8489-05F78B42F03E}.Release|x86.Build.0 = Release|Win32
		{4006EA92-8AE5-4025-A070-EF99348DADBF}.Debug|x64.ActiveCfg = Debug|x64
		{4006EA92-8AE5-4025-A070-EF99348DADBF}.Debug|x64.Build.0 = Debug|x64
		{4006EA92-8AE5-4025-A070-EF99348DADBF}.Debug|x86.ActiveCfg = Debug|Win32
		{4006EA92-8AE5-4025-A070-EF99348DADBF}.Debug|x86.Build.0 = Debug|Win32
		{4006EA92-8AE5-4025-A070-EF99348DADBF}.Release|x64.ActiveCfg = Release|x64
		{4006EA92-8AE5-4025-A070-EF99348DADBF}.Release|x64.Build.0 = Release|x64
		{4006EA92-8AE5-4025-A070-EF99348DADBF}.Release|x86.ActiveCfg = Release|Win32
		{4006EA92-8AE5-4025-A070-EF99348DADBF}.Release|x86.Build.0 = Release|Win32
		{DBA8D916-75ED-476E-A3B2-7D1A27017528}.Debug|x64.ActiveCfg = Debug|x64
		{DBA8D916-75ED-476E-A3B2-7D1A27017528}.Debug|x64.Build.0 = Debug|x64
		{DBA8D916-75ED-476E-A3B2-7D1A27017528}.Debug|x86.ActiveCfg = Debug|Win32
		{DBA8D916-75ED-476E-A3B2-7D1A27017528}.Debug|x86.Build.0 = Debug|Win32
		{DBA8D916-75ED-476E-A3B2-7D1A27017528}.Release|x64.ActiveCfg = Release|x64
		{DBA8D916-75ED-476E-A3B2-7D1A27017528}.Release|x64.Build.0 = Release|x64
		{DBA8D916-75ED-476E-A3B2-7D1A27017528}.Release|x86.ActiveCfg = Release|Win32
		{DBA8D916-75ED-476E-A3B2-7D1A27017528}.Release|x86.Build.0 = Release|Win32
		{D904FE79-72AD-493D-93E7-24E7409D230E}.Debug|x64.ActiveCfg = Debug|x64
		{D904FE79-72AD-493D-93E7-24E7409D230E}.Debug|x64.Build.0 = Debug|x64
		{D904FE79-72AD-493D-93E7-24E7409D230E}.Debug|x86.ActiveCfg = Debug|Win32
		{D904FE79-72AD-493D-93E7-24E7409D230E}.Debug|x86.Build.0 = Debug|Win32
		{D904FE79-72AD-493D-93E7-24E7409D230E}.Release|x64.ActiveCfg = Release|x64
		{D904FE79-72AD-493D-93E7-24E7409D230E}.Release|x64.Build.0 = Release|x64
		{D904FE79-72AD-493D-93E7-24E7409D230E}.Release|x86.ActiveCfg = Release|Win32
		{D904FE79-72AD-493D-93E7-24E7409D230E}.Release|x86.Build.0 = Release|Win32
		{BD71D785-E088-43DF-B876-69820F6ED623}.Debug|x64.ActiveCfg = Debug|x64
		{BD71D785-E088-43DF-B876-69820F6ED623}.Debug|x64.Build.0 = Debug|x64
		{BD71D785-E088-43DF-B876-69820F6ED623}.Debug|x86.ActiveCfg = Debug|Win32
		{BD71D785-E088-43DF-B876-69820F6ED623}.Debug|x86.Build.0 = Debug|Win32
		{BD71D785-E088-43DF-B876-69820F6ED623}.Release|x64.ActiveCfg = Release|x64
		{BD71D785-E088-43DF-B876-69820F6ED623}.Release|x64.Build.0 = Release|x64
		{BD71D785-E088-43DF-B876-69820F6ED623}.Release|x86.ActiveCfg = Release|Win32
		{BD71D785-E088-43DF-B876-69820F6ED623}.Release|x86.Build.0 = Release|Win32
		{595AF72D-B226-4D29-A2C4-218C9554EE6A}.Debug|x64.ActiveCfg = Debug|x64
		{595AF72D-B226-4D29-A2C4-218C9554EE6A}.Debug|x64.Build.0 = Debug|x64
		{595AF72D-B226-4D29-A2C4-218C9554EE6A}.Debug|x86.ActiveCfg = Debug|Win32
		{595AF72D-B226-4D29-A2C4-218C9554EE6A}.Debug|x86.Build.0 = Debug|Win32
		{595AF72D-B226-4D29-A2C4-218C9554EE6A}.Release|x64.ActiveCfg = Release|x64
		{595AF72D-B226-4D29-A2C4-218C9554EE6A}.Release|x64.Build.0 = Release|x64
		{595AF72D-B226-4D29-A2C4-218C9554EE6A}.Release|x86.ActiveCfg = Release|Win32
		{595AF72D-B226-4D29-A2C4-218C9554EE6A}.Release|x86.Build.0 = Release|Win32
		{F636F992-3E14-480B-ACC1-62A0DC88E8E1}.Debug|x64.ActiveCfg = Debug|x64
		{F636F992-3E14-480B-ACC1-62A0DC88E8E1}.Debug|x64.Build.0 = Debug|x64
		{F636F992-3E14-480B-ACC1-62A0DC88E8E1}.Debug|x86.ActiveCfg = Debug|Win32
		{F636F992-3E14-480B-ACC1-62A0DC88E8E1}.Debug|x86.Build.0 = Debug|Win32
		{F636F992-3E14-480B-ACC1-62A0DC88E8E1}.Release|x64.ActiveCfg = Release|x64
		{F636F992-3E14-480B-ACC1-62A0DC88E8E1}.Release|x64.Build.0 = Release|x64
		{F636F992-3E14-480B-ACC1-62A0DC88E8E1}.Release|x86.ActiveCfg = Release|Win32
		{F636F992-3E14-480B-ACC1-62A0DC88E8E1}.Release|x86.Build.0 = Release|Win32
		{1074B2BA-E769-4CF6-B61D-194D273CEDB3}.Debug|x64.ActiveCfg = Debug|x64
		{1074B2BA-E769-4CF6-B61D-194D273CEDB3}.Debug|x64.Build.0 = Debug|x64
		{1074B2BA-E769-4CF6-B61D-194D273CEDB3}.Debug|x86.ActiveCfg = Debug|Win32
		{1074B2BA-E769-4CF6-B61D-194D273CEDB3}.Debug|x86.Build.0 = Debug|Win32
		{1074B2BA-E769-4CF6-B61D-194D273CEDB3}.Release|x64.ActiveCfg = Release|x64
		{1074B2BA-E769-4CF6-B61D-194D273CEDB3}.Release|x64.Build.0 = Release|x64
		{1074B2BA-E769-4CF6-B61D-194D273CEDB3}.Release|x86.ActiveCfg = Release|Win32
		{1074B2BA-E769-4CF6-B61D-194D273CEDB3}.Release|x86.Build.0 = Release|Win32
		{2C84DAD4-2342-4FCA-B4D6-129864C4ABAB}.Debug|x64.ActiveCfg = Debug|x64
		{2C84DAD4-2342-4FCA-B4D6-129864C4ABAB}.Debug|x64.Build.0 = Debug|x64
		{2C84DAD4-2342-4FCA-B4D6-129864C4ABAB}.Debug|x86.ActiveCfg = Debug|Win32
		{2C84DAD4-2342-4FCA-B4D6-129864C4ABAB}.Debug|x86.Build.0 = Debug|Win32
		{2C84DAD4-2342-4FCA-B4D6-129864C4ABAB}.Release|x64.ActiveCfg = Release|x64
		{2C84DAD4-2342-4FCA-B4D6-129864C4ABAB}.Release|x64.Build.0 = Release|x64
		{2C84DAD4-2342-4FCA-B4D6-129864C4ABAB}.Release|x86.ActiveCfg = Release|Win32
		{2C84DAD4-2342-4FCA-B4D6-129864C4ABAB}.Release|x86.Build.0 = Release|Win32
		{9D56F6A0-51DA-4855-8B1B-1838DF61B372}.Debug|x64.ActiveCfg = Debug|x64
		{9D56F6A0-51DA-4855-8B1B-1838DF61B372}.Debug|x64.Build.0 = Debug|x64
		{9D56F6A0-51DA-4855-8B1B-1838DF61B372}.Debug|x86.ActiveCfg = Debug|Win32
		{9D56F6A0-51DA-4855-8B1B-1838DF61B372}.Debug|x86.Build.0 = Debug|Win32
		{9D56F6A0-51DA-4855-8B1B-1838DF61B372}.Release|x64.ActiveCfg = Release|x64
		{9D56F6A0-51DA-4855-8B1B-1838DF61B372}.Release|x64.Build.0 = Release|x64
		{9D56F6A0-51DA-4855-8B1B-1838DF61B372}.Release|x86.ActiveCfg = Release|Win32
		{9D56F6A0-51DA-4855-8B1B-1838DF61B372}.Release|x86.Build.0 = Release|Win32
		{4319B041-DC5C-4FF0-8618-F60A36C8203A}.Debug|x64.ActiveCfg = Debug|x64
		{4319B041-DC5C-4FF0-8618-F60A36C8203A}.Debug|x64.Build.0 = Debug|x64
		{4319B041-DC5C-4FF0-8618-F60A36C8203A}.Debug|x86.ActiveCfg = Debug|Win32
		{4319B041-DC5C-4FF0-8618-F60A36C8203A}.Debug|x86.Build.0 = Debug|Win32
		{4319B041-DC5C-4FF0-8618-F60A36C8203A}.Release|x64.ActiveCfg = Release|x64
		{4319B041-DC5C-4FF0-8618-F60A36C8203A}.Release|x64.Build.0 = Release|x64
		{4319B041-DC5C-4FF0-8618-F60A36C8203A}.Release|x86.ActiveCfg = Release|Win32
		{4319B041-DC5C-4FF0-8618-F60A36C8203A}.Release|x86.Build.0 = Release|Win32
		{78E62675-BA50-43C3-A0FC-A8F768A390D7}.Debug|x64.ActiveCfg = Debug|x64
		{78E62675-BA50-43C3-A0FC-A8F768A390D7}.Debug|x64.Build.0 = Debug|x64
		{78E62675-BA50-43C3-A0FC-A8F768A390D7}.Debug|x86.ActiveCfg = Debug|Win32
		{78E62675-BA50-43C3-A0FC-A8F768A390D7}.Debug|x86.Build.0 = Debug|Win32
		{78E62675-BA50-43C3-A0FC-A8F768A390D7}.Release|x64.ActiveCfg = Release|x64
		{78E62675-BA50-43C3-A0FC-A8F768A390D7}.Release|x64.Build.0 = Release|x64
		{78E62675-BA50-43C3-A0FC-A8F768A390D7}.Release|x86.ActiveCfg = Release|Win32
		{78E62675-BA50-43C3-A0FC-A8F768A390D7}.Release|x86.Build.0 = Release|Win32
		{0ECB82F7-87D9-4C3E-B5F2-56EC8A9208EE}.Debug|x64.ActiveCfg = Debug|x64
		{0ECB82F7-87D9-4C3E-B5F2-56EC8A9208EE}.Debug|x64.Build.0 = Debug|x64
		{0ECB82F7-87D9-4C3E-B5F2-56EC8A9208EE}.Debug|x86.ActiveCfg = Debug|Win32
		{0ECB82F7-87D9-4C3E-B5F2-56EC8A9208EE}.Debug|x86.Build.0 = Debug|Win32
		{0ECB82F7-87D9-4C3E-B5F2-56EC8A9208EE}.Release|x64.ActiveCfg = Release|x64
		{0ECB82F7-87D9-4C3E-B5F2-56EC8A9208EE}.Release|x64.Build.0 = Release|x64
		{0ECB82F7-87D9-4C3E-B5F2-56EC8A9208EE}.Release|x86.ActiveCfg = Release|Win32
		{0ECB82F7-87D9-4C3E-B5F2-56EC8A9208EE}.Release|x86.Build.0 = Release|Win32
		{1ED0A633-1FA1-46CA-89C8-5B47CE615E4B}.Debug|x64.ActiveCfg = Debug|x64
		{1ED0A633-1FA1-46CA-89C8-5B47CE615E4B}.Debug|x64.Build.0 = Debug|x64
		{1ED0A633-1FA1-46CA-89C8-5B47CE615E4B}.Debug|x86.ActiveCfg = Debug|Win32
		{1ED0A633-1FA1-46CA-89C8-5B47CE615E4B}.Debug|x86.Build.0 = Debug|Win32
		{1ED0A633-1FA1-46CA-89C8-5B47CE615E4B}.Release|x64.ActiveCfg = Release|x64
		{1ED0A633-1FA1-46CA-89C8-5B47CE615E4B}.Release|x64.Build.0 = Release|x64
		{1ED0A633-1FA1-46CA-89C8-5B47CE615E4B}.Release|x86.ActiveCfg = Release|Win32
		{1ED0A633-1FA1-46CA-89C8-5B47CE615E4B}.Release|x86.Build.0 = Release|Win32
		{B89DC86C-CE75-4DC2-9A43-27CB2ECD4989}.Debug|x64.ActiveCfg = Debug|x64
		{B89DC86C-CE75-4DC2-9A43-27CB2ECD4989}.Debug|x64.Build.0 = Debug|x64
		{B89DC86C-CE75-4DC2-9A43-27CB2ECD4989}.Debug|x86.ActiveCfg = Debug|Win32
		{B89DC86C-CE75-4DC2-9A43-27CB2ECD4989}.Debug|x86.Build.0 = Debug|Win32
		{B89DC86C-CE75-4DC2-9A43-27CB2ECD4989}.Release|x64.ActiveCfg = Release|x64
		{B89DC86C-CE75-4DC2-9A43-27CB2ECD4989}.Release|x64.Build.0 = Release|x64
		{B89DC86C-CE75-4DC2-9A43-27CB2ECD4989}.Release|x86.ActiveCfg = Release|Win32
		{B89DC86C-CE75-4DC2-9A43-27CB2ECD4989}.Release|x86.Build.0 = Release|Win32
		{BBDD02DF-D976-456A-A43E-1016E4A9F906}.Debug|x64.ActiveCfg = Debug|x64
		{BBDD02DF-D976-456A-A43E-1016E4A9F906}.Debug|x64.Build.0 = Debug|x64
		{BBDD02DF-D976-456A-A43E-1016E4A9F906}.Debug|x86.ActiveCfg = Debug|Win32
		{BBDD02DF-D976-456A-A43E-1016E4A9F906}.Debug|x86.Build.0 = Debug|Win32
		{BBDD02DF-D976-456A-A43E-1016E4A9F906}.Release|x64.ActiveCfg = Release|x64
		{BBDD02DF-D976-456A-A43E-1016E4A9F906}.Release|x64.Build.0 = Release|x64
		{BBDD02DF-D976-456A-A43E-1016E4A9F906}.Release|x86.ActiveCfg = Release|Win32
		{BBDD02DF-D976-456A-A43E-1016E4A9F906}.Release|x86.Build.0 = Release|Win32
	EndGlobalSection
	GlobalSection(SolutionProperties) = preSolution
		HideSolutionNode = FALSE
	EndGlobalSection
	GlobalSection(ExtensibilityGlobals) = postSolution
		SolutionGuid = {E153F811-57AE-410C-9161-61E3F02B5394}
	EndGlobalSection
EndGlobal
